
Microsoft Visual Studio Solution File, Format Version 12.00
# Visual Studio Version 17
VisualStudioVersion = 17.0.31903.59
MinimumVisualStudioVersion = 10.0.40219.1
Project("{FAE04EC0-301F-11D3-BF4B-00C04F79EFBC}") = "PlayerManager3", "PlayerManager3\PlayerManager3.csproj", "{B0AA0764-9209-4408-9650-F7A7647E3608}"
EndProject
Project("{FAE04EC0-301F-11D3-BF4B-00C04F79EFBC}") = "PlayerManager4", "PlayerManager4\PlayerManager4.csproj", "{A3FF8F62-990F-4637-AA5C-FB56484EC73A}"
EndProject
Project("{FAE04EC0-301F-11D3-BF4B-00C04F79EFBC}") = "StringCollections", "StringCollections\StringCollections.csproj", "{8B5F76C5-9CAB-4F5A-AF86-2E900B4021C3}"
EndProject
Project("{FAE04EC0-301F-11D3-BF4B-00C04F79EFBC}") = "SamePlayer", "SamePlayer\SamePlayer.csproj", "{BA2A0FF1-55A5-4568-8A44-D1F9F183D9F2}"
EndProject
Project("{FAE04EC0-301F-11D3-BF4B-00C04F79EFBC}") = "LootSort", "LootSort\LootSort.csproj", "{549A507A-2506-4B4A-AED6-74B6329A4EE3}"
EndProject
Global
	GlobalSection(SolutionConfigurationPlatforms) = preSolution
		Debug|Any CPU = Debug|Any CPU
		Release|Any CPU = Release|Any CPU
	EndGlobalSection
	GlobalSection(SolutionProperties) = preSolution
		HideSolutionNode = FALSE
	EndGlobalSection
	GlobalSection(ProjectConfigurationPlatforms) = postSolution
		{B0AA0764-9209-4408-9650-F7A7647E3608}.Debug|Any CPU.ActiveCfg = Debug|Any CPU
		{B0AA0764-9209-4408-9650-F7A7647E3608}.Debug|Any CPU.Build.0 = Debug|Any CPU
		{B0AA0764-9209-4408-9650-F7A7647E3608}.Release|Any CPU.ActiveCfg = Release|Any CPU
		{B0AA0764-9209-4408-9650-F7A7647E3608}.Release|Any CPU.Build.0 = Release|Any CPU
		{A3FF8F62-990F-4637-AA5C-FB56484EC73A}.Debug|Any CPU.ActiveCfg = Debug|Any CPU
		{A3FF8F62-990F-4637-AA5C-FB56484EC73A}.Debug|Any CPU.Build.0 = Debug|Any CPU
		{A3FF8F62-990F-4637-AA5C-FB56484EC73A}.Release|Any CPU.ActiveCfg = Release|Any CPU
		{A3FF8F62-990F-4637-AA5C-FB56484EC73A}.Release|Any CPU.Build.0 = Release|Any CPU
		{8B5F76C5-9CAB-4F5A-AF86-2E900B4021C3}.Debug|Any CPU.ActiveCfg = Debug|Any CPU
		{8B5F76C5-9CAB-4F5A-AF86-2E900B4021C3}.Debug|Any CPU.Build.0 = Debug|Any CPU
		{8B5F76C5-9CAB-4F5A-AF86-2E900B4021C3}.Release|Any CPU.ActiveCfg = Release|Any CPU
		{8B5F76C5-9CAB-4F5A-AF86-2E900B4021C3}.Release|Any CPU.Build.0 = Release|Any CPU
		{BA2A0FF1-55A5-4568-8A44-D1F9F183D9F2}.Debug|Any CPU.ActiveCfg = Debug|Any CPU
		{BA2A0FF1-55A5-4568-8A44-D1F9F183D9F2}.Debug|Any CPU.Build.0 = Debug|Any CPU
		{BA2A0FF1-55A5-4568-8A44-D1F9F183D9F2}.Release|Any CPU.ActiveCfg = Release|Any CPU
		{BA2A0FF1-55A5-4568-8A44-D1F9F183D9F2}.Release|Any CPU.Build.0 = Release|Any CPU
		{549A507A-2506-4B4A-AED6-74B6329A4EE3}.Debug|Any CPU.ActiveCfg = Debug|Any CPU
		{549A507A-2506-4B4A-AED6-74B6329A4EE3}.Debug|Any CPU.Build.0 = Debug|Any CPU
		{549A507A-2506-4B4A-AED6-74B6329A4EE3}.Release|Any CPU.ActiveCfg = Release|Any CPU
		{549A507A-2506-4B4A-AED6-74B6329A4EE3}.Release|Any CPU.Build.0 = Release|Any CPU
	EndGlobalSection
EndGlobal
